
Microsoft Visual Studio Solution File, Format Version 12.00
# Visual Studio Version 16
VisualStudioVersion = 16.0.33328.57
MinimumVisualStudioVersion = 10.0.40219.1
Project("{FAE04EC0-301F-11D3-BF4B-00C04F79EFBC}") = "Garage-Manager", "Garage-Manager\Garage-Manager.csproj", "{0017F590-2C50-4F44-99FA-CE244F041E4F}"
EndProject
Global
	GlobalSection(SolutionConfigurationPlatforms) = preSolution
		Debug|Any CPU = Debug|Any CPU
		Release|Any CPU = Release|Any CPU
	EndGlobalSection
	GlobalSection(ProjectConfigurationPlatforms) = postSolution
		{0017F590-2C50-4F44-99FA-CE244F041E4F}.Debug|Any CPU.ActiveCfg = Debug|Any CPU
		{0017F590-2C50-4F44-99FA-CE244F041E4F}.Debug|Any CPU.Build.0 = Debug|Any CPU
		{0017F590-2C50-4F44-99FA-CE244F041E4F}.Release|Any CPU.ActiveCfg = Release|Any CPU
		{0017F590-2C50-4F44-99FA-CE244F041E4F}.Release|Any CPU.Build.0 = Release|Any CPU
	EndGlobalSection
	GlobalSection(SolutionProperties) = preSolution
		HideSolutionNode = FALSE
	EndGlobalSection
	GlobalSection(ExtensibilityGlobals) = postSolution
		SolutionGuid = {FD32BC1A-4E5B-4AE7-A789-EC0CFBCE6812}
	EndGlobalSection
EndGlobal
